Microsoft Visual Studio Solution File, Format Version 12.00
# Visual Studio 2013
VisualStudioVersion = 12.0.30723.0
MinimumVisualStudioVersion = 10.0.40219.1
Project("{FAE04EC0-301F-11D3-BF4B-00C04F79EFBC}") = "E2641_CS.Web", "E2641_CS.Web\E2641_CS.Web.csproj", "{234D9BEB-B028-4AFB-A9F5-AEE68C5DF6C7}"
EndProject
Project("{FAE04EC0-301F-11D3-BF4B-00C04F79EFBC}") = "E2641_CS", "E2641_CS\E2641_CS.csproj", "{9F14BE44-DA50-4628-8E3C-EDE25CBEC68C}"
	ProjectSection(ProjectDependencies) = postProject
		{234D9BEB-B028-4AFB-A9F5-AEE68C5DF6C7} = {234D9BEB-B028-4AFB-A9F5-AEE68C5DF6C7}
	EndProjectSection
EndProject
Global
	GlobalSection(SolutionConfigurationPlatforms) = preSolution
		Debug|Any CPU = Debug|Any CPU
		Release|Any CPU = Release|Any CPU
	EndGlobalSection
	GlobalSection(ProjectConfigurationPlatforms) = postSolution
		{234D9BEB-B028-4AFB-A9F5-AEE68C5DF6C7}.Debug|Any CPU.ActiveCfg = Debug|Any CPU
		{234D9BEB-B028-4AFB-A9F5-AEE68C5DF6C7}.Debug|Any CPU.Build.0 = Debug|Any CPU
		{234D9BEB-B028-4AFB-A9F5-AEE68C5DF6C7}.Release|Any CPU.ActiveCfg = Release|Any CPU
		{234D9BEB-B028-4AFB-A9F5-AEE68C5DF6C7}.Release|Any CPU.Build.0 = Release|Any CPU
		{9F14BE44-DA50-4628-8E3C-EDE25CBEC68C}.Debug|Any CPU.ActiveCfg = Debug|Any CPU
		{9F14BE44-DA50-4628-8E3C-EDE25CBEC68C}.Debug|Any CPU.Build.0 = Debug|Any CPU
		{9F14BE44-DA50-4628-8E3C-EDE25CBEC68C}.Release|Any CPU.ActiveCfg = Release|Any CPU
		{9F14BE44-DA50-4628-8E3C-EDE25CBEC68C}.Release|Any CPU.Build.0 = Release|Any CPU
	EndGlobalSection
	GlobalSection(SolutionProperties) = preSolution
		HideSolutionNode = FALSE
	EndGlobalSection
EndGlobal
