Microsoft Visual Studio Solution File, Format Version 11.00
# Visual Studio 2010
Project("{FAE04EC0-301F-11D3-BF4B-00C04F79EFBC}") = "PrintPreviewDialogSilverlight", "PrintPreviewDialogSilverlight\PrintPreviewDialogSilverlight.csproj", "{DDCBE012-72E6-434E-A6DF-EBA882D7A820}"
EndProject
Project("{FAE04EC0-301F-11D3-BF4B-00C04F79EFBC}") = "PrintPreviewDialogSilverlight.Web", "PrintPreviewDialogSilverlight.Web\PrintPreviewDialogSilverlight.Web.csproj", "{5CFE1CB8-AAAF-45EE-9921-95215C8E4B53}"
EndProject
Global
	GlobalSection(SolutionConfigurationPlatforms) = preSolution
		Debug|Any CPU = Debug|Any CPU
		Release|Any CPU = Release|Any CPU
	EndGlobalSection
	GlobalSection(ProjectConfigurationPlatforms) = postSolution
		{DDCBE012-72E6-434E-A6DF-EBA882D7A820}.Debug|Any CPU.ActiveCfg = Debug|Any CPU
		{DDCBE012-72E6-434E-A6DF-EBA882D7A820}.Debug|Any CPU.Build.0 = Debug|Any CPU
		{DDCBE012-72E6-434E-A6DF-EBA882D7A820}.Release|Any CPU.ActiveCfg = Release|Any CPU
		{DDCBE012-72E6-434E-A6DF-EBA882D7A820}.Release|Any CPU.Build.0 = Release|Any CPU
		{5CFE1CB8-AAAF-45EE-9921-95215C8E4B53}.Debug|Any CPU.ActiveCfg = Debug|Any CPU
		{5CFE1CB8-AAAF-45EE-9921-95215C8E4B53}.Debug|Any CPU.Build.0 = Debug|Any CPU
		{5CFE1CB8-AAAF-45EE-9921-95215C8E4B53}.Release|Any CPU.ActiveCfg = Release|Any CPU
		{5CFE1CB8-AAAF-45EE-9921-95215C8E4B53}.Release|Any CPU.Build.0 = Release|Any CPU
	EndGlobalSection
	GlobalSection(SolutionProperties) = preSolution
		HideSolutionNode = FALSE
	EndGlobalSection
EndGlobal
